{
  "name": "@zimjs/game",
  "version": "2.7.1",
  "lockfileVersion": 2,
  "requires": true,
  "packages": {
    "": {
      "name": "@zimjs/game",
      "version": "2.7.1",
      "license": "MIT",
      "devDependencies": {
        "typescript": "^5.3.3",
        "zimjs": "^16.0.4"
      }
    },
    "node_modules/@zimjs/createjs": {
      "version": "1.4.2",
      "resolved": "https://registry.npmjs.org/@zimjs/createjs/-/createjs-1.4.2.tgz",
      "integrity": "sha512-F2dFX+7157G76rre4B17m3JSFjGEPZN5bHqKFINXczFr55jL6d8Uux2YFjubFh0CXdGzEtyquJKhxAA1QF9uww==",
      "dev": true
    },
    "node_modules/typescript": {
      "version": "5.3.3",
      "resolved": "https://registry.npmjs.org/typescript/-/typescript-5.3.3.tgz",
      "integrity": "sha512-pXWcraxM0uxAS+tN0AG/BF2TyqmHO014Z070UsJ+pFvYuRSq8KH8DmWpnbXe0pEPDHXZV3FcAbJkijJ5oNEnWw==",
      "dev": true,
      "bin": {
        "tsc": "bin/tsc",
        "tsserver": "bin/tsserver"
      },
      "engines": {
        "node": ">=14.17"
      }
    },
    "node_modules/zimjs": {
      "version": "16.0.4",
      "resolved": "https://registry.npmjs.org/zimjs/-/zimjs-16.0.4.tgz",
      "integrity": "sha512-pjrdFqWZ7xV2uhqZ5aEYiLB7O6uHclkO6RIQwQY4qrekQPGJHx+DEvZ7Vf1EbeYPjkMsKDQgUI8+70YUmCcMyA==",
      "dev": true,
      "dependencies": {
        "@zimjs/createjs": "^1.4.1"
      }
    }
  },
  "dependencies": {
    "@zimjs/createjs": {
      "version": "1.4.2",
      "resolved": "https://registry.npmjs.org/@zimjs/createjs/-/createjs-1.4.2.tgz",
      "integrity": "sha512-F2dFX+7157G76rre4B17m3JSFjGEPZN5bHqKFINXczFr55jL6d8Uux2YFjubFh0CXdGzEtyquJKhxAA1QF9uww==",
      "dev": true
    },
    "typescript": {
      "version": "5.3.3",
      "resolved": "https://registry.npmjs.org/typescript/-/typescript-5.3.3.tgz",
      "integrity": "sha512-pXWcraxM0uxAS+tN0AG/BF2TyqmHO014Z070UsJ+pFvYuRSq8KH8DmWpnbXe0pEPDHXZV3FcAbJkijJ5oNEnWw==",
      "dev": true
    },
    "zimjs": {
      "version": "16.0.4",
      "resolved": "https://registry.npmjs.org/zimjs/-/zimjs-16.0.4.tgz",
      "integrity": "sha512-pjrdFqWZ7xV2uhqZ5aEYiLB7O6uHclkO6RIQwQY4qrekQPGJHx+DEvZ7Vf1EbeYPjkMsKDQgUI8+70YUmCcMyA==",
      "dev": true,
      "requires": {
        "@zimjs/createjs": "^1.4.1"
      }
    }
  }
}
